
Microsoft Visual Studio Solution File, Format Version 12.00
# Visual Studio Version 17
VisualStudioVersion = 17.2.32602.215
MinimumVisualStudioVersion = 10.0.40219.1
Project("{9A19103F-16F7-4668-BE54-9A1E7A4F7556}") = "7Kyu", "7Kyu\7Kyu.csproj", "{83F1AD2E-6E65-4D02-952F-E2440D706109}"
EndProject
Project("{FAE04EC0-301F-11D3-BF4B-00C04F79EFBC}") = "5Kyu", "5Kyu\5Kyu.csproj", "{AEFF9676-859E-49F1-90D3-CC7910B3F26E}"
EndProject
Project("{FAE04EC0-301F-11D3-BF4B-00C04F79EFBC}") = "4 Kyu", "4 Kyu\4 Kyu.csproj", "{B417FBC5-D157-4328-974E-93397F4F75BA}"
EndProject
Project("{FAE04EC0-301F-11D3-BF4B-00C04F79EFBC}") = "8Kyu", "8Kyu\8Kyu.csproj", "{A887570D-602A-4B7F-A463-371AD6F054C6}"
EndProject
Project("{FAE04EC0-301F-11D3-BF4B-00C04F79EFBC}") = "6Kyu", "6Kyu\6Kyu.csproj", "{99CA4D37-923A-4E4F-A230-FC3E066016D0}"
EndProject
Global
	GlobalSection(SolutionConfigurationPlatforms) = preSolution
		Debug|Any CPU = Debug|Any CPU
		Release|Any CPU = Release|Any CPU
	EndGlobalSection
	GlobalSection(ProjectConfigurationPlatforms) = postSolution
		{83F1AD2E-6E65-4D02-952F-E2440D706109}.Debug|Any CPU.ActiveCfg = Debug|Any CPU
		{83F1AD2E-6E65-4D02-952F-E2440D706109}.Debug|Any CPU.Build.0 = Debug|Any CPU
		{83F1AD2E-6E65-4D02-952F-E2440D706109}.Release|Any CPU.ActiveCfg = Release|Any CPU
		{83F1AD2E-6E65-4D02-952F-E2440D706109}.Release|Any CPU.Build.0 = Release|Any CPU
		{AEFF9676-859E-49F1-90D3-CC7910B3F26E}.Debug|Any CPU.ActiveCfg = Debug|Any CPU
		{AEFF9676-859E-49F1-90D3-CC7910B3F26E}.Debug|Any CPU.Build.0 = Debug|Any CPU
		{AEFF9676-859E-49F1-90D3-CC7910B3F26E}.Release|Any CPU.ActiveCfg = Release|Any CPU
		{AEFF9676-859E-49F1-90D3-CC7910B3F26E}.Release|Any CPU.Build.0 = Release|Any CPU
		{B417FBC5-D157-4328-974E-93397F4F75BA}.Debug|Any CPU.ActiveCfg = Debug|Any CPU
		{B417FBC5-D157-4328-974E-93397F4F75BA}.Debug|Any CPU.Build.0 = Debug|Any CPU
		{B417FBC5-D157-4328-974E-93397F4F75BA}.Release|Any CPU.ActiveCfg = Release|Any CPU
		{B417FBC5-D157-4328-974E-93397F4F75BA}.Release|Any CPU.Build.0 = Release|Any CPU
		{A887570D-602A-4B7F-A463-371AD6F054C6}.Debug|Any CPU.ActiveCfg = Debug|Any CPU
		{A887570D-602A-4B7F-A463-371AD6F054C6}.Debug|Any CPU.Build.0 = Debug|Any CPU
		{A887570D-602A-4B7F-A463-371AD6F054C6}.Release|Any CPU.ActiveCfg = Release|Any CPU
		{A887570D-602A-4B7F-A463-371AD6F054C6}.Release|Any CPU.Build.0 = Release|Any CPU
		{99CA4D37-923A-4E4F-A230-FC3E066016D0}.Debug|Any CPU.ActiveCfg = Debug|Any CPU
		{99CA4D37-923A-4E4F-A230-FC3E066016D0}.Debug|Any CPU.Build.0 = Debug|Any CPU
		{99CA4D37-923A-4E4F-A230-FC3E066016D0}.Release|Any CPU.ActiveCfg = Release|Any CPU
		{99CA4D37-923A-4E4F-A230-FC3E066016D0}.Release|Any CPU.Build.0 = Release|Any CPU
	EndGlobalSection
	GlobalSection(SolutionProperties) = preSolution
		HideSolutionNode = FALSE
	EndGlobalSection
	GlobalSection(ExtensibilityGlobals) = postSolution
		SolutionGuid = {BCB652A1-D0B8-4C92-953A-4497F1C2F3C1}
	EndGlobalSection
EndGlobal
